{
  "object": {
    "pins": [
      {
        "package": "BrightFutures",
        "repositoryURL": "https://github.com/Thomvis/BrightFutures",
        "state": {
          "branch": "master",
          "revision": "8f51ed022816b6f9db68ebe8e3bc65bb1cbf1525",
          "version": null
        }
      },
      {
        "package": "CwlCatchException",
        "repositoryURL": "https://github.com/mattgallagher/CwlCatchException.git",
        "state": {
          "branch": null,
          "revision": "35f9e770f54ce62dd8526470f14c6e137cef3eea",
          "version": "2.1.1"
        }
      },
      {
        "package": "CwlPreconditionTesting",
        "repositoryURL": "https://github.com/mattgallagher/CwlPreconditionTesting.git",
        "state": {
          "branch": null,
          "revision": "fb7a26374e8570ff5c68142e5c83406d6abae0d8",
          "version": "2.0.2"
        }
      },
      {
        "package": "Nimble",
        "repositoryURL": "https://github.com/Quick/Nimble",
        "state": {
          "branch": null,
          "revision": "c93f16c25af5770f0d3e6af27c9634640946b068",
          "version": "9.2.1"
        }
      },
      {
        "package": "PureLayout",
        "repositoryURL": "https://github.com/PureLayout/PureLayout",
        "state": {
          "branch": null,
          "revision": "5561683c96dc49b023c1299bfe4f6fbeed5f8199",
          "version": "3.1.9"
        }
      },
      {
        "package": "Quick",
        "repositoryURL": "https://github.com/Quick/Quick",
        "state": {
          "branch": null,
          "revision": "bd86ca0141e3cfb333546de5a11ede63f0c4a0e6",
          "version": "4.0.0"
        }
      },
      {
        "package": "Succinct",
        "repositoryURL": "https://github.com/derekleerock/Succinct",
        "state": {
          "branch": null,
          "revision": "6c382a7d10f94b46c338057bbd6d9d8298427a8b",
          "version": "0.4.34"
        }
      }
    ]
  },
  "version": 1
}
